
Microsoft Visual Studio Solution File, Format Version 12.00
# Visual Studio Version 17
VisualStudioVersion = 17.11.35208.52
MinimumVisualStudioVersion = 10.0.40219.1
Project("{FAE04EC0-301F-11D3-BF4B-00C04F79EFBC}") = "SA-OnlineMarket", "SA-OnlineMarket\SA-OnlineMarket.csproj", "{A1968C68-741F-4B4E-8DD7-9C364475EC3B}"
EndProject
Global
	GlobalSection(SolutionConfigurationPlatforms) = preSolution
		Debug|Any CPU = Debug|Any CPU
		Release|Any CPU = Release|Any CPU
	EndGlobalSection
	GlobalSection(ProjectConfigurationPlatforms) = postSolution
		{A1968C68-741F-4B4E-8DD7-9C364475EC3B}.Debug|Any CPU.ActiveCfg = Debug|Any CPU
		{A1968C68-741F-4B4E-8DD7-9C364475EC3B}.Debug|Any CPU.Build.0 = Debug|Any CPU
		{A1968C68-741F-4B4E-8DD7-9C364475EC3B}.Release|Any CPU.ActiveCfg = Release|Any CPU
		{A1968C68-741F-4B4E-8DD7-9C364475EC3B}.Release|Any CPU.Build.0 = Release|Any CPU
	EndGlobalSection
	GlobalSection(SolutionProperties) = preSolution
		HideSolutionNode = FALSE
	EndGlobalSection
	GlobalSection(ExtensibilityGlobals) = postSolution
		SolutionGuid = {3FD75243-22FE-4858-BFD0-737C05E77D73}
	EndGlobalSection
EndGlobal
